
Microsoft Visual Studio Solution File, Format Version 12.00
# Visual Studio Version 17
VisualStudioVersion = 17.8.34511.84
MinimumVisualStudioVersion = 10.0.40219.1
Project("{FAE04EC0-301F-11D3-BF4B-00C04F79EFBC}") = "RestWithASP-NET5", "RestWithASP-NET5\RestWithASP-NET5.csproj", "{34489033-2A79-4417-9099-4D07211F4886}"
EndProject
Global
	GlobalSection(SolutionConfigurationPlatforms) = preSolution
		Debug|Any CPU = Debug|Any CPU
		Release|Any CPU = Release|Any CPU
	EndGlobalSection
	GlobalSection(ProjectConfigurationPlatforms) = postSolution
		{34489033-2A79-4417-9099-4D07211F4886}.Debug|Any CPU.ActiveCfg = Debug|Any CPU
		{34489033-2A79-4417-9099-4D07211F4886}.Debug|Any CPU.Build.0 = Debug|Any CPU
		{34489033-2A79-4417-9099-4D07211F4886}.Release|Any CPU.ActiveCfg = Release|Any CPU
		{34489033-2A79-4417-9099-4D07211F4886}.Release|Any CPU.Build.0 = Release|Any CPU
	EndGlobalSection
	GlobalSection(SolutionProperties) = preSolution
		HideSolutionNode = FALSE
	EndGlobalSection
	GlobalSection(ExtensibilityGlobals) = postSolution
		SolutionGuid = {05397E14-E52B-4C81-8D7E-4B6C8727B59C}
	EndGlobalSection
EndGlobal
